
Microsoft Visual Studio Solution File, Format Version 12.00
# Visual Studio Version 16
VisualStudioVersion = 16.0.30709.132
MinimumVisualStudioVersion = 10.0.40219.1
Project("{FAE04EC0-301F-11D3-BF4B-00C04F79EFBC}") = "Refactor3", "Refactor3\Refactor3.csproj", "{4E5194CB-9103-4234-8708-319C64BC66C5}"
EndProject
Global
	GlobalSection(SolutionConfigurationPlatforms) = preSolution
		Debug|Any CPU = Debug|Any CPU
		Release|Any CPU = Release|Any CPU
	EndGlobalSection
	GlobalSection(ProjectConfigurationPlatforms) = postSolution
		{4E5194CB-9103-4234-8708-319C64BC66C5}.Debug|Any CPU.ActiveCfg = Debug|Any CPU
		{4E5194CB-9103-4234-8708-319C64BC66C5}.Debug|Any CPU.Build.0 = Debug|Any CPU
		{4E5194CB-9103-4234-8708-319C64BC66C5}.Release|Any CPU.ActiveCfg = Release|Any CPU
		{4E5194CB-9103-4234-8708-319C64BC66C5}.Release|Any CPU.Build.0 = Release|Any CPU
	EndGlobalSection
	GlobalSection(SolutionProperties) = preSolution
		HideSolutionNode = FALSE
	EndGlobalSection
	GlobalSection(ExtensibilityGlobals) = postSolution
		SolutionGuid = {D163805B-8A73-4467-A602-6ACA6156428C}
	EndGlobalSection
EndGlobal
